<?xml version="1.0" encoding="UTF-8" standalone="yes" ?>
<CodeBlocks_project_file>
	<FileVersion major="1" minor="6" />
	<Project>
		<Option title="CppTemplate" />
		<Option makefile_is_custom="1" />
		<Option execution_dir="./build/" />
		<Option pch_mode="2" />
		<Option compiler="gcc" />
		<MakeCommands>
			<Build command="$make -f $makefile" />
			<CompileFile command="$make -f $makefile $file" />
			<Clean command="$make -f $makefile clean" />
			<DistClean command="$make -f $makefile distclean$target" />
			<AskRebuildNeeded command="$make -q -f $makefile" />
			<SilentBuild command="$make -f $makefile &gt; $(CMD_NULL)" />
		</MakeCommands>
		<Build>
			<Target title="src">
				<Option output="bin/src" prefix_auto="1" extension_auto="1" />
				<Option object_output="obj/Release/" />
				<Option type="1" />
				<Option compiler="gcc" />
				<Compiler>
					<Add option="-O2" />
				</Compiler>
				<Linker>
					<Add option="-s" />
				</Linker>
				<MakeCommands>
					<Build command="$make" />
					<CompileFile command="$make $file" />
					<Clean command="$make clean" />
					<DistClean command="$make -f $makefile distclean$target" />
					<AskRebuildNeeded command="$make -q " />
					<SilentBuild command="$make &gt; $(CMD_NULL)" />
				</MakeCommands>
			</Target>
		</Build>
		<Compiler>
			<Add option="-Wall" />
		</Compiler>
		<Unit filename="CMakeLists.txt" />
		<Unit filename="LICENSE" />
		<Unit filename="README.md" />
		<Unit filename="bin/main" />
		<Unit filename="doc/Doxyfile.in" />
		<Unit filename="doc/doxygen-script.cmake" />
		<Unit filename="doc/doxygen.cmake" />
		<Unit filename="lib/factorial/CMakeLists.txt" />
		<Unit filename="lib/factorial/factorial.cpp" />
		<Unit filename="lib/factorial/include/factorial.h" />
		<Unit filename="lib/libfactorial.a" />
		<Unit filename="src/CMakeLists.txt" />
		<Unit filename="src/build/CMakeCache.txt" />
		<Unit filename="src/build/CMakeFiles/3.7.2/CMakeCCompiler.cmake" />
		<Unit filename="src/build/CMakeFiles/3.7.2/CMakeCXXCompiler.cmake" />
		<Unit filename="src/build/CMakeFiles/3.7.2/CMakeDetermineCompilerABI_C.bin" />
		<Unit filename="src/build/CMakeFiles/3.7.2/CMakeDetermineCompilerABI_CXX.bin" />
		<Unit filename="src/build/CMakeFiles/3.7.2/CMakeSystem.cmake" />
		<Unit filename="src/build/CMakeFiles/3.7.2/CompilerIdC/CMakeCCompilerId.c">
			<Option compilerVar="CC" />
		</Unit>
		<Unit filename="src/build/CMakeFiles/3.7.2/CompilerIdC/a.out" />
		<Unit filename="src/build/CMakeFiles/3.7.2/CompilerIdCXX/CMakeCXXCompilerId.cpp" />
		<Unit filename="src/build/CMakeFiles/3.7.2/CompilerIdCXX/a.out" />
		<Unit filename="src/build/CMakeFiles/CMakeDirectoryInformation.cmake" />
		<Unit filename="src/build/CMakeFiles/CMakeOutput.log" />
		<Unit filename="src/build/CMakeFiles/Makefile.cmake" />
		<Unit filename="src/build/CMakeFiles/Makefile2" />
		<Unit filename="src/build/CMakeFiles/TargetDirectories.txt" />
		<Unit filename="src/build/CMakeFiles/cmake.check_cache" />
		<Unit filename="src/build/CMakeFiles/feature_tests.bin" />
		<Unit filename="src/build/CMakeFiles/feature_tests.c">
			<Option compilerVar="CC" />
		</Unit>
		<Unit filename="src/build/CMakeFiles/feature_tests.cxx" />
		<Unit filename="src/build/CMakeFiles/main.dir/CXX.includecache" />
		<Unit filename="src/build/CMakeFiles/main.dir/DependInfo.cmake" />
		<Unit filename="src/build/CMakeFiles/main.dir/build.make" />
		<Unit filename="src/build/CMakeFiles/main.dir/cmake_clean.cmake" />
		<Unit filename="src/build/CMakeFiles/main.dir/depend.internal" />
		<Unit filename="src/build/CMakeFiles/main.dir/depend.make" />
		<Unit filename="src/build/CMakeFiles/main.dir/flags.make" />
		<Unit filename="src/build/CMakeFiles/main.dir/link.txt" />
		<Unit filename="src/build/CMakeFiles/main.dir/main.cpp.o" />
		<Unit filename="src/build/CMakeFiles/main.dir/progress.make" />
		<Unit filename="src/build/CMakeFiles/progress.marks" />
		<Unit filename="src/build/Makefile" />
		<Unit filename="src/build/cmake_install.cmake" />
		<Unit filename="src/build/main" />
		<Unit filename="src/include/solid.h" />
		<Unit filename="src/main.cpp" />
		<Unit filename="src/solid.cpp" />
		<Unit filename="test/CMakeLists.txt" />
		<Unit filename="test/include/catch.hpp" />
		<Unit filename="test/test1.cpp" />
		<Unit filename="test/testFactorial.cpp" />
		<Extensions>
			<code_completion />
			<debugger />
		</Extensions>
	</Project>
</CodeBlocks_project_file>
